
Microsoft Visual Studio Solution File, Format Version 12.00
# Visual Studio 15
VisualStudioVersion = 15.0.27703.2042
MinimumVisualStudioVersion = 10.0.40219.1
Project("{FAE04EC0-301F-11D3-BF4B-00C04F79EFBC}") = "SmartLoggerMonitorApp", "SmartLoggerMonitorApp\SmartLoggerMonitorApp.csproj", "{96EA5041-5E3B-4F99-A197-E639C9CC745D}"
EndProject
Global
	GlobalSection(SolutionConfigurationPlatforms) = preSolution
		Debug|Any CPU = Debug|Any CPU
		Release|Any CPU = Release|Any CPU
	EndGlobalSection
	GlobalSection(ProjectConfigurationPlatforms) = postSolution
		{96EA5041-5E3B-4F99-A197-E639C9CC745D}.Debug|Any CPU.ActiveCfg = Debug|Any CPU
		{96EA5041-5E3B-4F99-A197-E639C9CC745D}.Debug|Any CPU.Build.0 = Debug|Any CPU
		{96EA5041-5E3B-4F99-A197-E639C9CC745D}.Release|Any CPU.ActiveCfg = Release|Any CPU
		{96EA5041-5E3B-4F99-A197-E639C9CC745D}.Release|Any CPU.Build.0 = Release|Any CPU
	EndGlobalSection
	GlobalSection(SolutionProperties) = preSolution
		HideSolutionNode = FALSE
	EndGlobalSection
	GlobalSection(ExtensibilityGlobals) = postSolution
		SolutionGuid = {A50EECDD-F72E-42AD-B7D7-303F2E4B166A}
	EndGlobalSection
EndGlobal
